{
  "pins" : [
    {
      "identity" : "settings",
      "kind" : "remoteSourceControl",
      "location" : "https://github.com/sindresorhus/Settings",
      "state" : {
        "revision" : "2f4f65eed252198be383aa0d9058bbaf8f740aa5",
        "version" : "3.1.0"
      }
    }
  ],
  "version" : 2
}
